
Microsoft Visual Studio Solution File, Format Version 12.00
# Visual Studio Version 16
VisualStudioVersion = 16.0.33328.57
MinimumVisualStudioVersion = 10.0.40219.1
Project("{FAE04EC0-301F-11D3-BF4B-00C04F79EFBC}") = "kekhegy", "kekhegy\kekhegy.csproj", "{E91515EB-D14F-4566-B414-0C58DF1B7022}"
EndProject
Global
	GlobalSection(SolutionConfigurationPlatforms) = preSolution
		Debug|Any CPU = Debug|Any CPU
		Release|Any CPU = Release|Any CPU
	EndGlobalSection
	GlobalSection(ProjectConfigurationPlatforms) = postSolution
		{E91515EB-D14F-4566-B414-0C58DF1B7022}.Debug|Any CPU.ActiveCfg = Debug|Any CPU
		{E91515EB-D14F-4566-B414-0C58DF1B7022}.Debug|Any CPU.Build.0 = Debug|Any CPU
		{E91515EB-D14F-4566-B414-0C58DF1B7022}.Release|Any CPU.ActiveCfg = Release|Any CPU
		{E91515EB-D14F-4566-B414-0C58DF1B7022}.Release|Any CPU.Build.0 = Release|Any CPU
	EndGlobalSection
	GlobalSection(SolutionProperties) = preSolution
		HideSolutionNode = FALSE
	EndGlobalSection
	GlobalSection(ExtensibilityGlobals) = postSolution
		SolutionGuid = {E8EBC31E-63FC-439D-8B78-BC36670B5B0E}
	EndGlobalSection
EndGlobal
